
Microsoft Visual Studio Solution File, Format Version 11.00
# Visual Studio 2010
# SharpDevelop 5.1
Project("{FAE04EC0-301F-11D3-BF4B-00C04F79EFBC}") = "Server_Tic_Tac_To", "Server_Tic_Tac_To\Server_Tic_Tac_To.csproj", "{4A080435-88E6-4491-BC71-E139EC35EC3A}"
EndProject
Global
	GlobalSection(SolutionConfigurationPlatforms) = preSolution
		Debug|Any CPU = Debug|Any CPU
		Release|Any CPU = Release|Any CPU
	EndGlobalSection
	GlobalSection(ProjectConfigurationPlatforms) = postSolution
		{4A080435-88E6-4491-BC71-E139EC35EC3A}.Debug|Any CPU.ActiveCfg = Debug|Any CPU
		{4A080435-88E6-4491-BC71-E139EC35EC3A}.Debug|Any CPU.Build.0 = Debug|Any CPU
		{4A080435-88E6-4491-BC71-E139EC35EC3A}.Release|Any CPU.ActiveCfg = Release|Any CPU
		{4A080435-88E6-4491-BC71-E139EC35EC3A}.Release|Any CPU.Build.0 = Release|Any CPU
	EndGlobalSection
EndGlobal
